github.com/cvanloo/go-ffs v0.0.0-20240111152548-3601ba7ed5b9 h1:OPS5UBXVrXIxeUPCtSa4C0/j8VH9b1ChCIAZ42FO0+o=
github.com/cvanloo/go-ffs v0.0.0-20240111152548-3601ba7ed5b9/go.mod h1:0oVSgJ0GklcU5/zA5UywI5TofpftO8Kton6vatnpN04=
github.com/google/uuid v1.3.0 h1:t6JiXgmwXMjEs8VusXIJk2BXHsn+wx8BZdTaoZ5fu7I=
github.com/google/uuid v1.3.0/go.mod h1:TIyPZe4MgqvfeYDBFedMoGGpEw/LqOeaOT+nhxU+yHo=
golang.org/x/exp v0.0.0-20240110193028-0dcbfd608b1e h1:723BNChdd0c2Wk6WOE320qGBiPtYx0F0Bbm1kriShfE=
golang.org/x/exp v0.0.0-20240110193028-0dcbfd608b1e/go.mod h1:iRJReGqOEeBhDZGkGbynYwcHlctCvnjTYIamk7uXpHI=
